
Microsoft Visual Studio Solution File, Format Version 12.00
# Visual Studio Version 17
VisualStudioVersion = 17.9.34622.214
MinimumVisualStudioVersion = 10.0.40219.1
Project("{FAE04EC0-301F-11D3-BF4B-00C04F79EFBC}") = "Blog.Web", "Blog.Web\Blog.Web.csproj", "{8A96F6C2-1B9E-4AA4-BF36-5B96CEE40C62}"
EndProject
Global
	GlobalSection(SolutionConfigurationPlatforms) = preSolution
		Debug|Any CPU = Debug|Any CPU
		Release|Any CPU = Release|Any CPU
	EndGlobalSection
	GlobalSection(ProjectConfigurationPlatforms) = postSolution
		{8A96F6C2-1B9E-4AA4-BF36-5B96CEE40C62}.Debug|Any CPU.ActiveCfg = Debug|Any CPU
		{8A96F6C2-1B9E-4AA4-BF36-5B96CEE40C62}.Debug|Any CPU.Build.0 = Debug|Any CPU
		{8A96F6C2-1B9E-4AA4-BF36-5B96CEE40C62}.Release|Any CPU.ActiveCfg = Release|Any CPU
		{8A96F6C2-1B9E-4AA4-BF36-5B96CEE40C62}.Release|Any CPU.Build.0 = Release|Any CPU
	EndGlobalSection
	GlobalSection(SolutionProperties) = preSolution
		HideSolutionNode = FALSE
	EndGlobalSection
	GlobalSection(ExtensibilityGlobals) = postSolution
		SolutionGuid = {D7D024CC-49A8-493D-838A-F96DB911825E}
	EndGlobalSection
EndGlobal
